
Microsoft Visual Studio Solution File, Format Version 12.00
# Visual Studio Version 16
VisualStudioVersion = 16.0.29609.76
MinimumVisualStudioVersion = 10.0.40219.1
Project("{9A19103F-16F7-4668-BE54-9A1E7A4F7556}") = "DateTimeRange", "DateTimeRange\DateTimeRange.csproj", "{3AFB1206-8BA8-4AD9-9DD3-B834CE6459AE}"
EndProject
Global
	GlobalSection(SolutionConfigurationPlatforms) = preSolution
		Debug|Any CPU = Debug|Any CPU
		Release|Any CPU = Release|Any CPU
	EndGlobalSection
	GlobalSection(ProjectConfigurationPlatforms) = postSolution
		{3AFB1206-8BA8-4AD9-9DD3-B834CE6459AE}.Debug|Any CPU.ActiveCfg = Debug|Any CPU
		{3AFB1206-8BA8-4AD9-9DD3-B834CE6459AE}.Debug|Any CPU.Build.0 = Debug|Any CPU
		{3AFB1206-8BA8-4AD9-9DD3-B834CE6459AE}.Release|Any CPU.ActiveCfg = Release|Any CPU
		{3AFB1206-8BA8-4AD9-9DD3-B834CE6459AE}.Release|Any CPU.Build.0 = Release|Any CPU
	EndGlobalSection
	GlobalSection(SolutionProperties) = preSolution
		HideSolutionNode = FALSE
	EndGlobalSection
	GlobalSection(ExtensibilityGlobals) = postSolution
		SolutionGuid = {07D688DA-3690-4255-BC26-1E3478C6B3B7}
	EndGlobalSection
EndGlobal
